
Microsoft Visual Studio Solution File, Format Version 12.00
# Visual Studio Version 17
VisualStudioVersion = 17.5.33424.131
MinimumVisualStudioVersion = 10.0.40219.1
Project("{FAE04EC0-301F-11D3-BF4B-00C04F79EFBC}") = "HeadTeacherSchoolApp", "HeadTeacherSchoolApp\HeadTeacherSchoolApp.csproj", "{64A13275-2D98-450B-9E73-8F701301697A}"
EndProject
Global
	GlobalSection(SolutionConfigurationPlatforms) = preSolution
		Debug|Any CPU = Debug|Any CPU
		Release|Any CPU = Release|Any CPU
	EndGlobalSection
	GlobalSection(ProjectConfigurationPlatforms) = postSolution
		{64A13275-2D98-450B-9E73-8F701301697A}.Debug|Any CPU.ActiveCfg = Debug|Any CPU
		{64A13275-2D98-450B-9E73-8F701301697A}.Debug|Any CPU.Build.0 = Debug|Any CPU
		{64A13275-2D98-450B-9E73-8F701301697A}.Release|Any CPU.ActiveCfg = Release|Any CPU
		{64A13275-2D98-450B-9E73-8F701301697A}.Release|Any CPU.Build.0 = Release|Any CPU
	EndGlobalSection
	GlobalSection(SolutionProperties) = preSolution
		HideSolutionNode = FALSE
	EndGlobalSection
	GlobalSection(ExtensibilityGlobals) = postSolution
		SolutionGuid = {B4F54BB4-8572-4303-BEE9-44B40E459F07}
	EndGlobalSection
EndGlobal
